
Microsoft Visual Studio Solution File, Format Version 12.00
# Visual Studio Version 17
VisualStudioVersion = 17.9.34616.47
MinimumVisualStudioVersion = 10.0.40219.1
Project("{8BC9CEB8-8B4A-11D0-8D11-00A0C91BC942}") = "UCP 1_PD", "UCP 1_PD.vcxproj", "{91276326-42E9-43F9-B747-6801C65ADF6D}"
EndProject
Global
	GlobalSection(SolutionConfigurationPlatforms) = preSolution
		Debug|x64 = Debug|x64
		Debug|x86 = Debug|x86
		Release|x64 = Release|x64
		Release|x86 = Release|x86
	EndGlobalSection
	GlobalSection(ProjectConfigurationPlatforms) = postSolution
		{91276326-42E9-43F9-B747-6801C65ADF6D}.Debug|x64.ActiveCfg = Debug|x64
		{91276326-42E9-43F9-B747-6801C65ADF6D}.Debug|x64.Build.0 = Debug|x64
		{91276326-42E9-43F9-B747-6801C65ADF6D}.Debug|x86.ActiveCfg = Debug|Win32
		{91276326-42E9-43F9-B747-6801C65ADF6D}.Debug|x86.Build.0 = Debug|Win32
		{91276326-42E9-43F9-B747-6801C65ADF6D}.Release|x64.ActiveCfg = Release|x64
		{91276326-42E9-43F9-B747-6801C65ADF6D}.Release|x64.Build.0 = Release|x64
		{91276326-42E9-43F9-B747-6801C65ADF6D}.Release|x86.ActiveCfg = Release|Win32
		{91276326-42E9-43F9-B747-6801C65ADF6D}.Release|x86.Build.0 = Release|Win32
	EndGlobalSection
	GlobalSection(SolutionProperties) = preSolution
		HideSolutionNode = FALSE
	EndGlobalSection
	GlobalSection(ExtensibilityGlobals) = postSolution
		SolutionGuid = {F68C9804-5E1B-4965-A042-0CEC2EC64B34}
	EndGlobalSection
EndGlobal
